
Microsoft Visual Studio Solution File, Format Version 12.00
# Visual Studio Version 16
VisualStudioVersion = 16.0.29728.190
MinimumVisualStudioVersion = 10.0.40219.1
Project("{FAE04EC0-301F-11D3-BF4B-00C04F79EFBC}") = "CoreSolution.WebApp", "CoreSolution.WebApp\CoreSolution.WebApp.csproj", "{38EFFD25-B40B-4283-A1BF-69474CE86078}"
EndProject
Project("{FAE04EC0-301F-11D3-BF4B-00C04F79EFBC}") = "CoreSolution.DBContext", "CoreSolution.DBContext\CoreSolution.DBContext.csproj", "{3224D2BC-2DA9-464F-B249-4A5BCC260A74}"
EndProject
Project("{FAE04EC0-301F-11D3-BF4B-00C04F79EFBC}") = "CoreSolution.Model", "CoreSolution.Model\CoreSolution.Model.csproj", "{C2EEAA39-BD31-4252-9F1F-118248C6A35F}"
EndProject
Global
	GlobalSection(SolutionConfigurationPlatforms) = preSolution
		Debug|Any CPU = Debug|Any CPU
		Release|Any CPU = Release|Any CPU
	EndGlobalSection
	GlobalSection(ProjectConfigurationPlatforms) = postSolution
		{38EFFD25-B40B-4283-A1BF-69474CE86078}.Debug|Any CPU.ActiveCfg = Debug|Any CPU
		{38EFFD25-B40B-4283-A1BF-69474CE86078}.Debug|Any CPU.Build.0 = Debug|Any CPU
		{38EFFD25-B40B-4283-A1BF-69474CE86078}.Release|Any CPU.ActiveCfg = Release|Any CPU
		{38EFFD25-B40B-4283-A1BF-69474CE86078}.Release|Any CPU.Build.0 = Release|Any CPU
		{3224D2BC-2DA9-464F-B249-4A5BCC260A74}.Debug|Any CPU.ActiveCfg = Debug|Any CPU
		{3224D2BC-2DA9-464F-B249-4A5BCC260A74}.Debug|Any CPU.Build.0 = Debug|Any CPU
		{3224D2BC-2DA9-464F-B249-4A5BCC260A74}.Release|Any CPU.ActiveCfg = Release|Any CPU
		{3224D2BC-2DA9-464F-B249-4A5BCC260A74}.Release|Any CPU.Build.0 = Release|Any CPU
		{C2EEAA39-BD31-4252-9F1F-118248C6A35F}.Debug|Any CPU.ActiveCfg = Debug|Any CPU
		{C2EEAA39-BD31-4252-9F1F-118248C6A35F}.Debug|Any CPU.Build.0 = Debug|Any CPU
		{C2EEAA39-BD31-4252-9F1F-118248C6A35F}.Release|Any CPU.ActiveCfg = Release|Any CPU
		{C2EEAA39-BD31-4252-9F1F-118248C6A35F}.Release|Any CPU.Build.0 = Release|Any CPU
	EndGlobalSection
	GlobalSection(SolutionProperties) = preSolution
		HideSolutionNode = FALSE
	EndGlobalSection
	GlobalSection(ExtensibilityGlobals) = postSolution
		SolutionGuid = {CE9BB961-E537-4DF6-8232-4C1F8406C447}
	EndGlobalSection
EndGlobal
